github.com/gdbu/atoms v1.0.1 h1:7vSKoMNHQXQ0iMnDKjTDbOjhPVHZxgqiW4KPpKzGjyY=
github.com/gdbu/atoms v1.0.1/go.mod h1:NAF1/IvAK0xby1xvmlRLBpapkWBhWL8dlcsxVDGuUpo=
github.com/gdbu/errors v0.5.0 h1:Eind/t7U7V8ALS9U5BGl4Sgf/o4OrAZHYXvZO33Hbd0=
github.com/gdbu/errors v0.5.0/go.mod h1:npjb1xcBE8Z692We7B/woYfmYpfOQj/alXNXZ3TT2YQ=
github.com/gdbu/filecacher v0.5.0 h1:A/4xRXNwM7UhFfiUQlSUxtV4k0Y624Lfm0ywU4LwLf0=
github.com/gdbu/filecacher v0.5.0/go.mod h1:wW6J7R8yV40WTfLGYT3HMcWa3G8FBfebO1CMBrYOrmo=
github.com/gdbu/poller v0.5.0 h1:345/+wG5mFNyHzMsqvJ3FseaDxEHUeW6sTcNyUZBMkE=
github.com/gdbu/poller v0.5.0/go.mod h1:lOZDzTgm8o8yzC1IYJwtnaG+ILNY128yb4qWHYb0W2E=
